PODS:
  - Capacitor (7.4.3):
    - CapacitorCordova
  - CapacitorBarcodeScanner (2.2.0):
    - Capacitor
    - OSBarcodeLib (= 2.0.1)
  - CapacitorCordova (7.4.3)
  - CapacitorGeolocation (7.1.5):
    - Capacitor
    - IONGeolocationLib (= 1.0.1)
  - CapacitorNetwork (7.0.2):
    - Capacitor
  - CapacitorPreferences (7.0.2):
    - Capacitor
  - CapgoCapacitorNativeBiometric (0.0.1):
    - Capacitor
  - IONGeolocationLib (1.0.1)
  - OSBarcodeLib (2.0.1)

DEPENDENCIES:
  - "Capacitor (from `../../node_modules/@capacitor/ios`)"
  - "CapacitorBarcodeScanner (from `../../node_modules/@capacitor/barcode-scanner`)"
  - "CapacitorCordova (from `../../node_modules/@capacitor/ios`)"
  - "CapacitorGeolocation (from `../../node_modules/@capacitor/geolocation`)"
  - "CapacitorNetwork (from `../../node_modules/@capacitor/network`)"
  - "CapacitorPreferences (from `../../node_modules/@capacitor/preferences`)"
  - "CapgoCapacitorNativeBiometric (from `../../node_modules/@capgo/capacitor-native-biometric`)"

SPEC REPOS:
  trunk:
    - IONGeolocationLib
    - OSBarcodeLib

EXTERNAL SOURCES:
  Capacitor:
    :path: "../../node_modules/@capacitor/ios"
  CapacitorBarcodeScanner:
    :path: "../../node_modules/@capacitor/barcode-scanner"
  CapacitorCordova:
    :path: "../../node_modules/@capacitor/ios"
  CapacitorGeolocation:
    :path: "../../node_modules/@capacitor/geolocation"
  CapacitorNetwork:
    :path: "../../node_modules/@capacitor/network"
  CapacitorPreferences:
    :path: "../../node_modules/@capacitor/preferences"
  CapgoCapacitorNativeBiometric:
    :path: "../../node_modules/@capgo/capacitor-native-biometric"

SPEC CHECKSUMS:
  Capacitor: 28d6c01026a9a3f7156529498ec1f389a2a28dbc
  CapacitorBarcodeScanner: 4b6d4ecfff4133af982d09acd423610c14ac0c3f
  CapacitorCordova: 435121e81a2df4d0034f0fb11fcefab5104cfdb5
  CapacitorGeolocation: 84f868bea4c2499aebc3bb3a88fd0a508f87ab87
  CapacitorNetwork: 695069886b3c5ed514db69aa3d026b8dc3c03a6b
  CapacitorPreferences: 65107ed7437d96ee72583df5763985e3c0ff2bc2
  CapgoCapacitorNativeBiometric: be4ceeff38739d9c0f59b8c41456a3b01cfeddf0
  IONGeolocationLib: 20f9d0248a0b5264511fb57a37e25dd2badf797a
  OSBarcodeLib: 57987d2eb1f916f701f4554e20e349b3cb83f023

PODFILE CHECKSUM: f963f532f2c68d03d68417bf6f690eba553ff73d

COCOAPODS: 1.16.2
